
Microsoft Visual Studio Solution File, Format Version 12.00
# Visual Studio 15
VisualStudioVersion = 15.0.27703.2018
MinimumVisualStudioVersion = 10.0.40219.1
Project("{8BC9CEB8-8B4A-11D0-8D11-00A0C91BC942}") = "OOPLabor2_fin", "OOPLabor2_fin\OOPLabor2_fin.vcxproj", "{EC4C4C11-F957-488B-A78A-290E062138F5}"
EndProject
Global
	GlobalSection(SolutionConfigurationPlatforms) = preSolution
		Debug|x64 = Debug|x64
		Debug|x86 = Debug|x86
		Release|x64 = Release|x64
		Release|x86 = Release|x86
	EndGlobalSection
	GlobalSection(ProjectConfigurationPlatforms) = postSolution
		{EC4C4C11-F957-488B-A78A-290E062138F5}.Debug|x64.ActiveCfg = Debug|x64
		{EC4C4C11-F957-488B-A78A-290E062138F5}.Debug|x64.Build.0 = Debug|x64
		{EC4C4C11-F957-488B-A78A-290E062138F5}.Debug|x86.ActiveCfg = Debug|Win32
		{EC4C4C11-F957-488B-A78A-290E062138F5}.Debug|x86.Build.0 = Debug|Win32
		{EC4C4C11-F957-488B-A78A-290E062138F5}.Release|x64.ActiveCfg = Release|x64
		{EC4C4C11-F957-488B-A78A-290E062138F5}.Release|x64.Build.0 = Release|x64
		{EC4C4C11-F957-488B-A78A-290E062138F5}.Release|x86.ActiveCfg = Release|Win32
		{EC4C4C11-F957-488B-A78A-290E062138F5}.Release|x86.Build.0 = Release|Win32
	EndGlobalSection
	GlobalSection(SolutionProperties) = preSolution
		HideSolutionNode = FALSE
	EndGlobalSection
	GlobalSection(ExtensibilityGlobals) = postSolution
		SolutionGuid = {7F9B727F-1268-4F25-B355-5EAD2C64963C}
	EndGlobalSection
EndGlobal
