
Microsoft Visual Studio Solution File, Format Version 12.00
# Visual Studio 2013
VisualStudioVersion = 12.0.40629.0
MinimumVisualStudioVersion = 10.0.40219.1
Project("{FAE04EC0-301F-11D3-BF4B-00C04F79EFBC}") = "L1DB", "L1DB\L1DB.csproj", "{1989D99E-D3B0-4F50-B0E4-BEF89422944E}"
EndProject
Global
	GlobalSection(SolutionConfigurationPlatforms) = preSolution
		Debug|Any CPU = Debug|Any CPU
		Release|Any CPU = Release|Any CPU
	EndGlobalSection
	GlobalSection(ProjectConfigurationPlatforms) = postSolution
		{1989D99E-D3B0-4F50-B0E4-BEF89422944E}.Debug|Any CPU.ActiveCfg = Debug|Any CPU
		{1989D99E-D3B0-4F50-B0E4-BEF89422944E}.Debug|Any CPU.Build.0 = Debug|Any CPU
		{1989D99E-D3B0-4F50-B0E4-BEF89422944E}.Release|Any CPU.ActiveCfg = Release|Any CPU
		{1989D99E-D3B0-4F50-B0E4-BEF89422944E}.Release|Any CPU.Build.0 = Release|Any CPU
	EndGlobalSection
	GlobalSection(SolutionProperties) = preSolution
		HideSolutionNode = FALSE
	EndGlobalSection
EndGlobal
