
Microsoft Visual Studio Solution File, Format Version 12.00
# Visual Studio 15
VisualStudioVersion = 15.0.27130.2010
MinimumVisualStudioVersion = 10.0.40219.1
Project("{8BC9CEB8-8B4A-11D0-8D11-00A0C91BC942}") = "C2.5.2", "C2.5.2\C2.5.2.vcxproj", "{45108C5B-998A-41BD-85BF-E3D436EB1AAE}"
EndProject
Global
	GlobalSection(SolutionConfigurationPlatforms) = preSolution
		Debug|x64 = Debug|x64
		Debug|x86 = Debug|x86
		Release|x64 = Release|x64
		Release|x86 = Release|x86
	EndGlobalSection
	GlobalSection(ProjectConfigurationPlatforms) = postSolution
		{45108C5B-998A-41BD-85BF-E3D436EB1AAE}.Debug|x64.ActiveCfg = Debug|x64
		{45108C5B-998A-41BD-85BF-E3D436EB1AAE}.Debug|x64.Build.0 = Debug|x64
		{45108C5B-998A-41BD-85BF-E3D436EB1AAE}.Debug|x86.ActiveCfg = Debug|Win32
		{45108C5B-998A-41BD-85BF-E3D436EB1AAE}.Debug|x86.Build.0 = Debug|Win32
		{45108C5B-998A-41BD-85BF-E3D436EB1AAE}.Release|x64.ActiveCfg = Release|x64
		{45108C5B-998A-41BD-85BF-E3D436EB1AAE}.Release|x64.Build.0 = Release|x64
		{45108C5B-998A-41BD-85BF-E3D436EB1AAE}.Release|x86.ActiveCfg = Release|Win32
		{45108C5B-998A-41BD-85BF-E3D436EB1AAE}.Release|x86.Build.0 = Release|Win32
	EndGlobalSection
	GlobalSection(SolutionProperties) = preSolution
		HideSolutionNode = FALSE
	EndGlobalSection
	GlobalSection(ExtensibilityGlobals) = postSolution
		SolutionGuid = {14D000F7-7F7A-4D57-B11E-6EEBD9CFE600}
	EndGlobalSection
EndGlobal
