
Microsoft Visual Studio Solution File, Format Version 12.00
# Visual Studio 2013
VisualStudioVersion = 12.0.40629.0
MinimumVisualStudioVersion = 10.0.40219.1
Project("{FAE04EC0-301F-11D3-BF4B-00C04F79EFBC}") = "RGR01", "RGR01\RGR01.csproj", "{7767DA7D-C152-4CF2-AD58-D6DD9AD9CE63}"
EndProject
Global
	GlobalSection(SolutionConfigurationPlatforms) = preSolution
		Debug|Any CPU = Debug|Any CPU
		Release|Any CPU = Release|Any CPU
	EndGlobalSection
	GlobalSection(ProjectConfigurationPlatforms) = postSolution
		{7767DA7D-C152-4CF2-AD58-D6DD9AD9CE63}.Debug|Any CPU.ActiveCfg = Debug|Any CPU
		{7767DA7D-C152-4CF2-AD58-D6DD9AD9CE63}.Debug|Any CPU.Build.0 = Debug|Any CPU
		{7767DA7D-C152-4CF2-AD58-D6DD9AD9CE63}.Release|Any CPU.ActiveCfg = Release|Any CPU
		{7767DA7D-C152-4CF2-AD58-D6DD9AD9CE63}.Release|Any CPU.Build.0 = Release|Any CPU
	EndGlobalSection
	GlobalSection(SolutionProperties) = preSolution
		HideSolutionNode = FALSE
	EndGlobalSection
EndGlobal
