
Microsoft Visual Studio Solution File, Format Version 12.00
# Visual Studio 15
VisualStudioVersion = 15.0.27130.2010
MinimumVisualStudioVersion = 10.0.40219.1
Project("{8BC9CEB8-8B4A-11D0-8D11-00A0C91BC942}") = "C2.9.1", "C2.9.1\C2.9.1.vcxproj", "{AB6B8322-D842-4519-9920-9389E674D798}"
EndProject
Global
	GlobalSection(SolutionConfigurationPlatforms) = preSolution
		Debug|x64 = Debug|x64
		Debug|x86 = Debug|x86
		Release|x64 = Release|x64
		Release|x86 = Release|x86
	EndGlobalSection
	GlobalSection(ProjectConfigurationPlatforms) = postSolution
		{AB6B8322-D842-4519-9920-9389E674D798}.Debug|x64.ActiveCfg = Debug|x64
		{AB6B8322-D842-4519-9920-9389E674D798}.Debug|x64.Build.0 = Debug|x64
		{AB6B8322-D842-4519-9920-9389E674D798}.Debug|x86.ActiveCfg = Debug|Win32
		{AB6B8322-D842-4519-9920-9389E674D798}.Debug|x86.Build.0 = Debug|Win32
		{AB6B8322-D842-4519-9920-9389E674D798}.Release|x64.ActiveCfg = Release|x64
		{AB6B8322-D842-4519-9920-9389E674D798}.Release|x64.Build.0 = Release|x64
		{AB6B8322-D842-4519-9920-9389E674D798}.Release|x86.ActiveCfg = Release|Win32
		{AB6B8322-D842-4519-9920-9389E674D798}.Release|x86.Build.0 = Release|Win32
	EndGlobalSection
	GlobalSection(SolutionProperties) = preSolution
		HideSolutionNode = FALSE
	EndGlobalSection
	GlobalSection(ExtensibilityGlobals) = postSolution
		SolutionGuid = {AB69580A-2804-4FF8-A0E2-1EF2ABBED91B}
	EndGlobalSection
EndGlobal
