
Microsoft Visual Studio Solution File, Format Version 12.00
# Visual Studio 15
VisualStudioVersion = 15.0.27130.2010
MinimumVisualStudioVersion = 10.0.40219.1
Project("{8BC9CEB8-8B4A-11D0-8D11-00A0C91BC942}") = "C2.5Primer", "C2.5Primer\C2.5Primer.vcxproj", "{C92A7316-692F-4908-A60F-B0656DC735DD}"
EndProject
Global
	GlobalSection(SolutionConfigurationPlatforms) = preSolution
		Debug|x64 = Debug|x64
		Debug|x86 = Debug|x86
		Release|x64 = Release|x64
		Release|x86 = Release|x86
	EndGlobalSection
	GlobalSection(ProjectConfigurationPlatforms) = postSolution
		{C92A7316-692F-4908-A60F-B0656DC735DD}.Debug|x64.ActiveCfg = Debug|x64
		{C92A7316-692F-4908-A60F-B0656DC735DD}.Debug|x64.Build.0 = Debug|x64
		{C92A7316-692F-4908-A60F-B0656DC735DD}.Debug|x86.ActiveCfg = Debug|Win32
		{C92A7316-692F-4908-A60F-B0656DC735DD}.Debug|x86.Build.0 = Debug|Win32
		{C92A7316-692F-4908-A60F-B0656DC735DD}.Release|x64.ActiveCfg = Release|x64
		{C92A7316-692F-4908-A60F-B0656DC735DD}.Release|x64.Build.0 = Release|x64
		{C92A7316-692F-4908-A60F-B0656DC735DD}.Release|x86.ActiveCfg = Release|Win32
		{C92A7316-692F-4908-A60F-B0656DC735DD}.Release|x86.Build.0 = Release|Win32
	EndGlobalSection
	GlobalSection(SolutionProperties) = preSolution
		HideSolutionNode = FALSE
	EndGlobalSection
	GlobalSection(ExtensibilityGlobals) = postSolution
		SolutionGuid = {E45A21F4-A817-4381-95A5-8CD56856B8F2}
	EndGlobalSection
EndGlobal
