
Microsoft Visual Studio Solution File, Format Version 12.00
# Visual Studio 15
VisualStudioVersion = 15.0.27703.2018
MinimumVisualStudioVersion = 10.0.40219.1
Project("{8BC9CEB8-8B4A-11D0-8D11-00A0C91BC942}") = "ConsoleApplication1", "ConsoleApplication1\ConsoleApplication1.vcxproj", "{87D1CF66-2D2D-4627-BA0F-13E1DAE2222D}"
EndProject
Global
	GlobalSection(SolutionConfigurationPlatforms) = preSolution
		Debug|x64 = Debug|x64
		Debug|x86 = Debug|x86
		Release|x64 = Release|x64
		Release|x86 = Release|x86
	EndGlobalSection
	GlobalSection(ProjectConfigurationPlatforms) = postSolution
		{87D1CF66-2D2D-4627-BA0F-13E1DAE2222D}.Debug|x64.ActiveCfg = Debug|x64
		{87D1CF66-2D2D-4627-BA0F-13E1DAE2222D}.Debug|x64.Build.0 = Debug|x64
		{87D1CF66-2D2D-4627-BA0F-13E1DAE2222D}.Debug|x86.ActiveCfg = Debug|Win32
		{87D1CF66-2D2D-4627-BA0F-13E1DAE2222D}.Debug|x86.Build.0 = Debug|Win32
		{87D1CF66-2D2D-4627-BA0F-13E1DAE2222D}.Release|x64.ActiveCfg = Release|x64
		{87D1CF66-2D2D-4627-BA0F-13E1DAE2222D}.Release|x64.Build.0 = Release|x64
		{87D1CF66-2D2D-4627-BA0F-13E1DAE2222D}.Release|x86.ActiveCfg = Release|Win32
		{87D1CF66-2D2D-4627-BA0F-13E1DAE2222D}.Release|x86.Build.0 = Release|Win32
	EndGlobalSection
	GlobalSection(SolutionProperties) = preSolution
		HideSolutionNode = FALSE
	EndGlobalSection
	GlobalSection(ExtensibilityGlobals) = postSolution
		SolutionGuid = {AB8D6956-E9E9-48C3-9D8C-4B3C305BA3FD}
	EndGlobalSection
EndGlobal
