
Microsoft Visual Studio Solution File, Format Version 12.00
# Visual Studio 15
VisualStudioVersion = 15.0.28307.421
MinimumVisualStudioVersion = 10.0.40219.1
Project("{FAE04EC0-301F-11D3-BF4B-00C04F79EFBC}") = "SampleDatabaseWalkthrough", "SampleDatabaseWalkthrough\SampleDatabaseWalkthrough.csproj", "{F86B02B3-E8EE-47A9-9DA4-B2D3DBF8AF91}"
EndProject
Global
	GlobalSection(SolutionConfigurationPlatforms) = preSolution
		Debug|Any CPU = Debug|Any CPU
		Release|Any CPU = Release|Any CPU
	EndGlobalSection
	GlobalSection(ProjectConfigurationPlatforms) = postSolution
		{F86B02B3-E8EE-47A9-9DA4-B2D3DBF8AF91}.Debug|Any CPU.ActiveCfg = Debug|Any CPU
		{F86B02B3-E8EE-47A9-9DA4-B2D3DBF8AF91}.Debug|Any CPU.Build.0 = Debug|Any CPU
		{F86B02B3-E8EE-47A9-9DA4-B2D3DBF8AF91}.Release|Any CPU.ActiveCfg = Release|Any CPU
		{F86B02B3-E8EE-47A9-9DA4-B2D3DBF8AF91}.Release|Any CPU.Build.0 = Release|Any CPU
	EndGlobalSection
	GlobalSection(SolutionProperties) = preSolution
		HideSolutionNode = FALSE
	EndGlobalSection
	GlobalSection(ExtensibilityGlobals) = postSolution
		SolutionGuid = {24C441B9-2DAC-491D-BE71-6F6982DDB821}
	EndGlobalSection
EndGlobal
