
Microsoft Visual Studio Solution File, Format Version 12.00
# Visual Studio 15
VisualStudioVersion = 15.0.27703.2018
MinimumVisualStudioVersion = 10.0.40219.1
Project("{8BC9CEB8-8B4A-11D0-8D11-00A0C91BC942}") = "TS01Globals2", "TS01Globals2.vcxproj", "{56386498-3C2A-46F9-B5A1-66270522B9E7}"
EndProject
Global
	GlobalSection(SolutionConfigurationPlatforms) = preSolution
		Debug|x64 = Debug|x64
		Debug|x86 = Debug|x86
		Release|x64 = Release|x64
		Release|x86 = Release|x86
	EndGlobalSection
	GlobalSection(ProjectConfigurationPlatforms) = postSolution
		{56386498-3C2A-46F9-B5A1-66270522B9E7}.Debug|x64.ActiveCfg = Debug|x64
		{56386498-3C2A-46F9-B5A1-66270522B9E7}.Debug|x64.Build.0 = Debug|x64
		{56386498-3C2A-46F9-B5A1-66270522B9E7}.Debug|x86.ActiveCfg = Debug|Win32
		{56386498-3C2A-46F9-B5A1-66270522B9E7}.Debug|x86.Build.0 = Debug|Win32
		{56386498-3C2A-46F9-B5A1-66270522B9E7}.Release|x64.ActiveCfg = Release|x64
		{56386498-3C2A-46F9-B5A1-66270522B9E7}.Release|x64.Build.0 = Release|x64
		{56386498-3C2A-46F9-B5A1-66270522B9E7}.Release|x86.ActiveCfg = Release|Win32
		{56386498-3C2A-46F9-B5A1-66270522B9E7}.Release|x86.Build.0 = Release|Win32
	EndGlobalSection
	GlobalSection(SolutionProperties) = preSolution
		HideSolutionNode = FALSE
	EndGlobalSection
	GlobalSection(ExtensibilityGlobals) = postSolution
		SolutionGuid = {4A24C79D-EFDE-46EE-B4E7-CC8BDA2FCB1A}
	EndGlobalSection
EndGlobal
