
Microsoft Visual Studio Solution File, Format Version 12.00
# Visual Studio 15
VisualStudioVersion = 15.0.27130.2010
MinimumVisualStudioVersion = 10.0.40219.1
Project("{8BC9CEB8-8B4A-11D0-8D11-00A0C91BC942}") = "C2.7.1", "C2.7.1\C2.7.1.vcxproj", "{3D625B7F-2A32-48CE-9117-AEC2A9E196BB}"
EndProject
Global
	GlobalSection(SolutionConfigurationPlatforms) = preSolution
		Debug|x64 = Debug|x64
		Debug|x86 = Debug|x86
		Release|x64 = Release|x64
		Release|x86 = Release|x86
	EndGlobalSection
	GlobalSection(ProjectConfigurationPlatforms) = postSolution
		{3D625B7F-2A32-48CE-9117-AEC2A9E196BB}.Debug|x64.ActiveCfg = Debug|x64
		{3D625B7F-2A32-48CE-9117-AEC2A9E196BB}.Debug|x64.Build.0 = Debug|x64
		{3D625B7F-2A32-48CE-9117-AEC2A9E196BB}.Debug|x86.ActiveCfg = Debug|Win32
		{3D625B7F-2A32-48CE-9117-AEC2A9E196BB}.Debug|x86.Build.0 = Debug|Win32
		{3D625B7F-2A32-48CE-9117-AEC2A9E196BB}.Release|x64.ActiveCfg = Release|x64
		{3D625B7F-2A32-48CE-9117-AEC2A9E196BB}.Release|x64.Build.0 = Release|x64
		{3D625B7F-2A32-48CE-9117-AEC2A9E196BB}.Release|x86.ActiveCfg = Release|Win32
		{3D625B7F-2A32-48CE-9117-AEC2A9E196BB}.Release|x86.Build.0 = Release|Win32
	EndGlobalSection
	GlobalSection(SolutionProperties) = preSolution
		HideSolutionNode = FALSE
	EndGlobalSection
	GlobalSection(ExtensibilityGlobals) = postSolution
		SolutionGuid = {A3C05240-B605-4621-8E39-1C05A748E2EA}
	EndGlobalSection
EndGlobal
